
Microsoft Visual Studio Solution File, Format Version 12.00
# Visual Studio 15
VisualStudioVersion = 15.0.27428.2043
MinimumVisualStudioVersion = 10.0.40219.1
Project("{2150E333-8FDC-42A3-9474-1A3956D46DE8}") = "Common", "Common", "{B19569F8-BE7B-4B34-9AB9-8104A177AC85}"
	ProjectSection(SolutionItems) = preProject
		Common\Constants.h = Common\Constants.h
		Common\IoCtl.h = Common\IoCtl.h
		Common\Version.h = Common\Version.h
	EndProjectSection
EndProject
Project("{2150E333-8FDC-42A3-9474-1A3956D46DE8}") = "Includes", "Includes", "{71B9DF04-676B-40FF-8B9F-DC35FC9B8A3C}"
EndProject
Project("{2150E333-8FDC-42A3-9474-1A3956D46DE8}") = "OpenNet", "OpenNet", "{6D01BCC7-C19F-4709-A2C6-39FC2CAC8392}"
	ProjectSection(SolutionItems) = preProject
		Includes\OpenNet\Adapter.h = Includes\OpenNet\Adapter.h
		Includes\OpenNet\Filter.h = Includes\OpenNet\Filter.h
		Includes\OpenNet\Filter_Forward.h = Includes\OpenNet\Filter_Forward.h
		Includes\OpenNet\OpenNet.h = Includes\OpenNet\OpenNet.h
		Includes\OpenNet\Processor.h = Includes\OpenNet\Processor.h
		Includes\OpenNet\StatisticsProvider.h = Includes\OpenNet\StatisticsProvider.h
		Includes\OpenNet\Status.h = Includes\OpenNet\Status.h
		Includes\OpenNet\System.h = Includes\OpenNet\System.h
	EndProjectSection
EndProject
Project("{2150E333-8FDC-42A3-9474-1A3956D46DE8}") = "OpenNetK", "OpenNetK", "{CC513D0F-734D-4F5A-816A-911BAA9F2061}"
	ProjectSection(SolutionItems) = preProject
		Includes\OpenNetK\Adapter.h = Includes\OpenNetK\Adapter.h
		Includes\OpenNetK\Adapter_Types.h = Includes\OpenNetK\Adapter_Types.h
		Includes\OpenNetK\Adapter_WDF.h = Includes\OpenNetK\Adapter_WDF.h
		Includes\OpenNetK\Constants.h = Includes\OpenNetK\Constants.h
		Includes\OpenNetK\Debug.h = Includes\OpenNetK\Debug.h
		Includes\OpenNetK\Hardware.h = Includes\OpenNetK\Hardware.h
		Includes\OpenNetK\Hardware_Statistics.h = Includes\OpenNetK\Hardware_Statistics.h
		Includes\OpenNetK\Hardware_WDF.h = Includes\OpenNetK\Hardware_WDF.h
		Includes\OpenNetK\Interface.h = Includes\OpenNetK\Interface.h
		Includes\OpenNetK\Kernel.h = Includes\OpenNetK\Kernel.h
		Includes\OpenNetK\SpinLock.h = Includes\OpenNetK\SpinLock.h
		Includes\OpenNetK\SpinLock_WDF.h = Includes\OpenNetK\SpinLock_WDF.h
		Includes\OpenNetK\StdInt.h = Includes\OpenNetK\StdInt.h
		Includes\OpenNetK\Types.h = Includes\OpenNetK\Types.h
	EndProjectSection
EndProject
Project("{8BC9CEB8-8B4A-11D0-8D11-00A0C91BC942}") = "ONK_Lib", "ONK_Lib\ONK_Lib.vcxproj", "{03ADF26E-74F0-4F2A-989B-F408B0AAC441}"
EndProject
Project("{8BC9CEB8-8B4A-11D0-8D11-00A0C91BC942}") = "ONK_Test", "ONK_Test\ONK_Test.vcxproj", "{67B73CC5-DF7B-4E3D-A996-BE8BBFBB2150}"
EndProject
Project("{8BC9CEB8-8B4A-11D0-8D11-00A0C91BC942}") = "OpenNet", "OpenNet\OpenNet.vcxproj", "{2F3A6ADE-B691-467A-A358-4DA35BCB9918}"
EndProject
Project("{8BC9CEB8-8B4A-11D0-8D11-00A0C91BC942}") = "OpenNet_Test", "OpenNet_Test\OpenNet_Test.vcxproj", "{412545E0-4103-4A09-B75E-A1E20258258C}"
	ProjectSection(ProjectDependencies) = postProject
		{2F3A6ADE-B691-467A-A358-4DA35BCB9918} = {2F3A6ADE-B691-467A-A358-4DA35BCB9918}
	EndProjectSection
EndProject
Project("{8BC9CEB8-8B4A-11D0-8D11-00A0C91BC942}") = "OpenNet_Tool", "OpenNet_Tool\OpenNet_Tool.vcxproj", "{6E1300E6-C298-4442-952D-8268659F74D6}"
	ProjectSection(ProjectDependencies) = postProject
		{2F3A6ADE-B691-467A-A358-4DA35BCB9918} = {2F3A6ADE-B691-467A-A358-4DA35BCB9918}
	EndProjectSection
EndProject
Project("{2150E333-8FDC-42A3-9474-1A3956D46DE8}") = "Solution Items", "Solution Items", "{83BD726F-C15D-428B-9BB5-141F2B44E28B}"
	ProjectSection(SolutionItems) = preProject
		.gitignore = .gitignore
		Build.cmd = Build.cmd
		DoxyFile_en.txt = DoxyFile_en.txt
		DoxyFile_fr.txt = DoxyFile_fr.txt
		Export.cmd = Export.cmd
		Export.cmd.txt = Export.cmd.txt
		Import.cmd = Import.cmd
		RunDoxygen.cmd = RunDoxygen.cmd
		Test.cmd = Test.cmd
	EndProjectSection
EndProject
Project("{2150E333-8FDC-42A3-9474-1A3956D46DE8}") = "_DocDev", "_DocDev", "{2347E8F1-0547-43FF-9456-724FC9DAC35F}"
	ProjectSection(SolutionItems) = preProject
		_DocUser\ReadMe.txt = _DocUser\ReadMe.txt
	EndProjectSection
EndProject
Project("{2150E333-8FDC-42A3-9474-1A3956D46DE8}") = "Procedures", "Procedures", "{F6D48D20-B04B-47E1-AB5E-C84AF52E70C4}"
	ProjectSection(SolutionItems) = preProject
		_DocDev\Procedures\Build_fr.txt = _DocDev\Procedures\Build_fr.txt
	EndProjectSection
EndProject
Project("{8BC9CEB8-8B4A-11D0-8D11-00A0C91BC942}") = "ONK_NDIS", "ONK_NDIS\ONK_NDIS.vcxproj", "{0FEE010C-5B77-415F-A3D1-02B52DD2C4C6}"
	ProjectSection(ProjectDependencies) = postProject
		{03ADF26E-74F0-4F2A-989B-F408B0AAC441} = {03ADF26E-74F0-4F2A-989B-F408B0AAC441}
	EndProjectSection
EndProject
Project("{8BC9CEB8-8B4A-11D0-8D11-00A0C91BC942}") = "ONK_Pro1000", "ONK_Pro1000\ONK_Pro1000.vcxproj", "{79320093-599B-4BD3-B289-0A8BF48BCFF3}"
	ProjectSection(ProjectDependencies) = postProject
		{03ADF26E-74F0-4F2A-989B-F408B0AAC441} = {03ADF26E-74F0-4F2A-989B-F408B0AAC441}
	EndProjectSection
EndProject
Project("{2150E333-8FDC-42A3-9474-1A3956D46DE8}") = "_DocUser", "_DocUser", "{5714C93D-2416-4B15-9AA1-490A1D131BFE}"
EndProject
Project("{2150E333-8FDC-42A3-9474-1A3956D46DE8}") = "OpenNet", "OpenNet", "{B4675DF3-6BF9-483B-AB9F-11FAF0BFC219}"
	ProjectSection(SolutionItems) = preProject
		Common\OpenNet\Adapter_Statistics.h = Common\OpenNet\Adapter_Statistics.h
		Common\OpenNet\EthernetAddress.h = Common\OpenNet\EthernetAddress.h
		Common\OpenNet\Filter_Statistics.h = Common\OpenNet\Filter_Statistics.h
	EndProjectSection
EndProject
Project("{2150E333-8FDC-42A3-9474-1A3956D46DE8}") = "OpenNetK", "OpenNetK", "{2CF49A29-C06C-4972-B8BE-262E1FE62244}"
	ProjectSection(SolutionItems) = preProject
		Common\OpenNetK\Adapter_Statistics.h = Common\OpenNetK\Adapter_Statistics.h
	EndProjectSection
EndProject
Global
	GlobalSection(SolutionConfigurationPlatforms) = preSolution
		Debug|x64 = Debug|x64
		Release|x64 = Release|x64
	EndGlobalSection
	GlobalSection(ProjectConfigurationPlatforms) = postSolution
		{03ADF26E-74F0-4F2A-989B-F408B0AAC441}.Debug|x64.ActiveCfg = Debug|x64
		{03ADF26E-74F0-4F2A-989B-F408B0AAC441}.Debug|x64.Build.0 = Debug|x64
		{03ADF26E-74F0-4F2A-989B-F408B0AAC441}.Debug|x64.Deploy.0 = Debug|x64
		{03ADF26E-74F0-4F2A-989B-F408B0AAC441}.Release|x64.ActiveCfg = Release|x64
		{03ADF26E-74F0-4F2A-989B-F408B0AAC441}.Release|x64.Build.0 = Release|x64
		{03ADF26E-74F0-4F2A-989B-F408B0AAC441}.Release|x64.Deploy.0 = Release|x64
		{67B73CC5-DF7B-4E3D-A996-BE8BBFBB2150}.Debug|x64.ActiveCfg = Debug|x64
		{67B73CC5-DF7B-4E3D-A996-BE8BBFBB2150}.Debug|x64.Build.0 = Debug|x64
		{67B73CC5-DF7B-4E3D-A996-BE8BBFBB2150}.Release|x64.ActiveCfg = Release|x64
		{67B73CC5-DF7B-4E3D-A996-BE8BBFBB2150}.Release|x64.Build.0 = Release|x64
		{2F3A6ADE-B691-467A-A358-4DA35BCB9918}.Debug|x64.ActiveCfg = Debug|x64
		{2F3A6ADE-B691-467A-A358-4DA35BCB9918}.Debug|x64.Build.0 = Debug|x64
		{2F3A6ADE-B691-467A-A358-4DA35BCB9918}.Release|x64.ActiveCfg = Release|x64
		{2F3A6ADE-B691-467A-A358-4DA35BCB9918}.Release|x64.Build.0 = Release|x64
		{412545E0-4103-4A09-B75E-A1E20258258C}.Debug|x64.ActiveCfg = Debug|x64
		{412545E0-4103-4A09-B75E-A1E20258258C}.Debug|x64.Build.0 = Debug|x64
		{412545E0-4103-4A09-B75E-A1E20258258C}.Release|x64.ActiveCfg = Release|x64
		{412545E0-4103-4A09-B75E-A1E20258258C}.Release|x64.Build.0 = Release|x64
		{6E1300E6-C298-4442-952D-8268659F74D6}.Debug|x64.ActiveCfg = Debug|x64
		{6E1300E6-C298-4442-952D-8268659F74D6}.Debug|x64.Build.0 = Debug|x64
		{6E1300E6-C298-4442-952D-8268659F74D6}.Release|x64.ActiveCfg = Release|x64
		{6E1300E6-C298-4442-952D-8268659F74D6}.Release|x64.Build.0 = Release|x64
		{0FEE010C-5B77-415F-A3D1-02B52DD2C4C6}.Debug|x64.ActiveCfg = Debug|x64
		{0FEE010C-5B77-415F-A3D1-02B52DD2C4C6}.Debug|x64.Build.0 = Debug|x64
		{0FEE010C-5B77-415F-A3D1-02B52DD2C4C6}.Debug|x64.Deploy.0 = Debug|x64
		{0FEE010C-5B77-415F-A3D1-02B52DD2C4C6}.Release|x64.ActiveCfg = Release|x64
		{0FEE010C-5B77-415F-A3D1-02B52DD2C4C6}.Release|x64.Build.0 = Release|x64
		{0FEE010C-5B77-415F-A3D1-02B52DD2C4C6}.Release|x64.Deploy.0 = Release|x64
		{79320093-599B-4BD3-B289-0A8BF48BCFF3}.Debug|x64.ActiveCfg = Debug|x64
		{79320093-599B-4BD3-B289-0A8BF48BCFF3}.Debug|x64.Build.0 = Debug|x64
		{79320093-599B-4BD3-B289-0A8BF48BCFF3}.Debug|x64.Deploy.0 = Debug|x64
		{79320093-599B-4BD3-B289-0A8BF48BCFF3}.Release|x64.ActiveCfg = Release|x64
		{79320093-599B-4BD3-B289-0A8BF48BCFF3}.Release|x64.Build.0 = Release|x64
		{79320093-599B-4BD3-B289-0A8BF48BCFF3}.Release|x64.Deploy.0 = Release|x64
	EndGlobalSection
	GlobalSection(SolutionProperties) = preSolution
		HideSolutionNode = FALSE
	EndGlobalSection
	GlobalSection(NestedProjects) = preSolution
		{6D01BCC7-C19F-4709-A2C6-39FC2CAC8392} = {71B9DF04-676B-40FF-8B9F-DC35FC9B8A3C}
		{CC513D0F-734D-4F5A-816A-911BAA9F2061} = {71B9DF04-676B-40FF-8B9F-DC35FC9B8A3C}
		{F6D48D20-B04B-47E1-AB5E-C84AF52E70C4} = {2347E8F1-0547-43FF-9456-724FC9DAC35F}
		{B4675DF3-6BF9-483B-AB9F-11FAF0BFC219} = {B19569F8-BE7B-4B34-9AB9-8104A177AC85}
		{2CF49A29-C06C-4972-B8BE-262E1FE62244} = {B19569F8-BE7B-4B34-9AB9-8104A177AC85}
	EndGlobalSection
	GlobalSection(ExtensibilityGlobals) = postSolution
		SolutionGuid = {3390872B-D3FA-4AAE-8BB2-0888DA87EF63}
	EndGlobalSection
EndGlobal
