
Microsoft Visual Studio Solution File, Format Version 12.00
# Visual Studio 15
VisualStudioVersion = 15.0.27428.2043
MinimumVisualStudioVersion = 10.0.40219.1
Project("{2150E333-8FDC-42A3-9474-1A3956D46DE8}") = "Common", "Common", "{B19569F8-BE7B-4B34-9AB9-8104A177AC85}"
	ProjectSection(SolutionItems) = preProject
		Common\Constants.h = Common\Constants.h
		Common\IoCtl.h = Common\IoCtl.h
		Common\Version.h = Common\Version.h
	EndProjectSection
EndProject
Project("{2150E333-8FDC-42A3-9474-1A3956D46DE8}") = "Includes", "Includes", "{71B9DF04-676B-40FF-8B9F-DC35FC9B8A3C}"
EndProject
Project("{2150E333-8FDC-42A3-9474-1A3956D46DE8}") = "OpenNet", "OpenNet", "{6D01BCC7-C19F-4709-A2C6-39FC2CAC8392}"
	ProjectSection(SolutionItems) = preProject
		Includes\OpenNet\Adapter.h = Includes\OpenNet\Adapter.h
		Includes\OpenNet\Buffer.h = Includes\OpenNet\Buffer.h
		Includes\OpenNet\Function.h = Includes\OpenNet\Function.h
		Includes\OpenNet\Function_Forward.h = Includes\OpenNet\Function_Forward.h
		Includes\OpenNet\Kernel.h = Includes\OpenNet\Kernel.h
		Includes\OpenNet\Kernel_Forward.h = Includes\OpenNet\Kernel_Forward.h
		Includes\OpenNet\OpenNet.h = Includes\OpenNet\OpenNet.h
		Includes\OpenNet\PacketGenerator.h = Includes\OpenNet\PacketGenerator.h
		Includes\OpenNet\Processor.h = Includes\OpenNet\Processor.h
		Includes\OpenNet\SetupTool.h = Includes\OpenNet\SetupTool.h
		Includes\OpenNet\SourceCode.h = Includes\OpenNet\SourceCode.h
		Includes\OpenNet\StatisticsProvider.h = Includes\OpenNet\StatisticsProvider.h
		Includes\OpenNet\Status.h = Includes\OpenNet\Status.h
		Includes\OpenNet\System.h = Includes\OpenNet\System.h
		Includes\OpenNet\UserBuffer.h = Includes\OpenNet\UserBuffer.h
	EndProjectSection
EndProject
Project("{2150E333-8FDC-42A3-9474-1A3956D46DE8}") = "OpenNetK", "OpenNetK", "{CC513D0F-734D-4F5A-816A-911BAA9F2061}"
	ProjectSection(SolutionItems) = preProject
		Includes\OpenNetK\Adapter.h = Includes\OpenNetK\Adapter.h
		Includes\OpenNetK\Adapter_Linux.h = Includes\OpenNetK\Adapter_Linux.h
		Includes\OpenNetK\Adapter_Types.h = Includes\OpenNetK\Adapter_Types.h
		Includes\OpenNetK\Adapter_WDF.h = Includes\OpenNetK\Adapter_WDF.h
		Includes\OpenNetK\ARP.h = Includes\OpenNetK\ARP.h
		Includes\OpenNetK\Constants.h = Includes\OpenNetK\Constants.h
		Includes\OpenNetK\Debug.h = Includes\OpenNetK\Debug.h
		Includes\OpenNetK\Ethernet.h = Includes\OpenNetK\Ethernet.h
		Includes\OpenNetK\Hardware.h = Includes\OpenNetK\Hardware.h
		Includes\OpenNetK\Hardware_Linux.h = Includes\OpenNetK\Hardware_Linux.h
		Includes\OpenNetK\Hardware_Statistics.h = Includes\OpenNetK\Hardware_Statistics.h
		Includes\OpenNetK\Hardware_WDF.h = Includes\OpenNetK\Hardware_WDF.h
		Includes\OpenNetK\Interface.h = Includes\OpenNetK\Interface.h
		Includes\OpenNetK\IoCtl.h = Includes\OpenNetK\IoCtl.h
		Includes\OpenNetK\IPv4.h = Includes\OpenNetK\IPv4.h
		Includes\OpenNetK\IPv6.h = Includes\OpenNetK\IPv6.h
		Includes\OpenNetK\Kernel.h = Includes\OpenNetK\Kernel.h
		Includes\OpenNetK\Kernel_CUDA.h = Includes\OpenNetK\Kernel_CUDA.h
		Includes\OpenNetK\Kernel_OpenCL.h = Includes\OpenNetK\Kernel_OpenCL.h
		Includes\OpenNetK\Linux.h = Includes\OpenNetK\Linux.h
		Includes\OpenNetK\LinuxCpp.h = Includes\OpenNetK\LinuxCpp.h
		Includes\OpenNetK\OS.h = Includes\OpenNetK\OS.h
		Includes\OpenNetK\OSDep.h = Includes\OpenNetK\OSDep.h
		Includes\OpenNetK\Packet.h = Includes\OpenNetK\Packet.h
		Includes\OpenNetK\PacketGenerator_Types.h = Includes\OpenNetK\PacketGenerator_Types.h
		Includes\OpenNetK\SpinLock.h = Includes\OpenNetK\SpinLock.h
		Includes\OpenNetK\StdInt.h = Includes\OpenNetK\StdInt.h
		Includes\OpenNetK\TCP.h = Includes\OpenNetK\TCP.h
		Includes\OpenNetK\Tunnel.h = Includes\OpenNetK\Tunnel.h
		Includes\OpenNetK\Types.h = Includes\OpenNetK\Types.h
		Includes\OpenNetK\UDP.h = Includes\OpenNetK\UDP.h
		Includes\OpenNetK\Windows.h = Includes\OpenNetK\Windows.h
	EndProjectSection
EndProject
Project("{8BC9CEB8-8B4A-11D0-8D11-00A0C91BC942}") = "ONK_Lib", "ONK_Lib\ONK_Lib.vcxproj", "{03ADF26E-74F0-4F2A-989B-F408B0AAC441}"
EndProject
Project("{8BC9CEB8-8B4A-11D0-8D11-00A0C91BC942}") = "ONK_Test", "ONK_Test\ONK_Test.vcxproj", "{67B73CC5-DF7B-4E3D-A996-BE8BBFBB2150}"
EndProject
Project("{8BC9CEB8-8B4A-11D0-8D11-00A0C91BC942}") = "OpenNet", "OpenNet\OpenNet.vcxproj", "{2F3A6ADE-B691-467A-A358-4DA35BCB9918}"
EndProject
Project("{8BC9CEB8-8B4A-11D0-8D11-00A0C91BC942}") = "OpenNet_Test", "OpenNet_Test\OpenNet_Test.vcxproj", "{412545E0-4103-4A09-B75E-A1E20258258C}"
	ProjectSection(ProjectDependencies) = postProject
		{2F3A6ADE-B691-467A-A358-4DA35BCB9918} = {2F3A6ADE-B691-467A-A358-4DA35BCB9918}
	EndProjectSection
EndProject
Project("{8BC9CEB8-8B4A-11D0-8D11-00A0C91BC942}") = "OpenNet_Tool", "OpenNet_Tool\OpenNet_Tool.vcxproj", "{6E1300E6-C298-4442-952D-8268659F74D6}"
	ProjectSection(ProjectDependencies) = postProject
		{1EEE4967-EAE8-4799-A368-E5495B1021F1} = {1EEE4967-EAE8-4799-A368-E5495B1021F1}
		{2F3A6ADE-B691-467A-A358-4DA35BCB9918} = {2F3A6ADE-B691-467A-A358-4DA35BCB9918}
	EndProjectSection
EndProject
Project("{2150E333-8FDC-42A3-9474-1A3956D46DE8}") = "Solution Items", "Solution Items", "{83BD726F-C15D-428B-9BB5-141F2B44E28B}"
	ProjectSection(SolutionItems) = preProject
		.gitignore = .gitignore
		Build.cmd = Build.cmd
		DoxyFile_en.txt = DoxyFile_en.txt
		DoxyFile_fr.txt = DoxyFile_fr.txt
		Export.cmd = Export.cmd
		Export.cmd.txt = Export.cmd.txt
		Import.cmd = Import.cmd
		OpenNet.iss = OpenNet.iss
		README.md = README.md
		RunDoxygen.cmd = RunDoxygen.cmd
		Test.cmd = Test.cmd
		UploadDocumentation.cmd = UploadDocumentation.cmd
		UploadDocumentation.cmd.txt = UploadDocumentation.cmd.txt
	EndProjectSection
EndProject
Project("{2150E333-8FDC-42A3-9474-1A3956D46DE8}") = "_DocDev", "_DocDev", "{2347E8F1-0547-43FF-9456-724FC9DAC35F}"
EndProject
Project("{2150E333-8FDC-42A3-9474-1A3956D46DE8}") = "Procedures", "Procedures", "{F6D48D20-B04B-47E1-AB5E-C84AF52E70C4}"
	ProjectSection(SolutionItems) = preProject
		_DocDev\Procedures\Build.txt = _DocDev\Procedures\Build.txt
		_DocDev\Procedures\Test.txt = _DocDev\Procedures\Test.txt
	EndProjectSection
EndProject
Project("{8BC9CEB8-8B4A-11D0-8D11-00A0C91BC942}") = "ONK_NDIS", "ONK_NDIS\ONK_NDIS.vcxproj", "{0FEE010C-5B77-415F-A3D1-02B52DD2C4C6}"
	ProjectSection(ProjectDependencies) = postProject
		{03ADF26E-74F0-4F2A-989B-F408B0AAC441} = {03ADF26E-74F0-4F2A-989B-F408B0AAC441}
	EndProjectSection
EndProject
Project("{8BC9CEB8-8B4A-11D0-8D11-00A0C91BC942}") = "ONK_Pro1000", "ONK_Pro1000\ONK_Pro1000.vcxproj", "{79320093-599B-4BD3-B289-0A8BF48BCFF3}"
	ProjectSection(ProjectDependencies) = postProject
		{03ADF26E-74F0-4F2A-989B-F408B0AAC441} = {03ADF26E-74F0-4F2A-989B-F408B0AAC441}
	EndProjectSection
EndProject
Project("{2150E333-8FDC-42A3-9474-1A3956D46DE8}") = "_DocUser", "_DocUser", "{5714C93D-2416-4B15-9AA1-490A1D131BFE}"
	ProjectSection(SolutionItems) = preProject
		_DocUser\ReadMe.txt = _DocUser\ReadMe.txt
	EndProjectSection
EndProject
Project("{2150E333-8FDC-42A3-9474-1A3956D46DE8}") = "OpenNet", "OpenNet", "{B4675DF3-6BF9-483B-AB9F-11FAF0BFC219}"
	ProjectSection(SolutionItems) = preProject
		Common\OpenNet\Adapter_Statistics.h = Common\OpenNet\Adapter_Statistics.h
		Common\OpenNet\EthernetAddress.h = Common\OpenNet\EthernetAddress.h
		Common\OpenNet\Kernel_Statistics.h = Common\OpenNet\Kernel_Statistics.h
	EndProjectSection
EndProject
Project("{2150E333-8FDC-42A3-9474-1A3956D46DE8}") = "OpenNetK", "OpenNetK", "{2CF49A29-C06C-4972-B8BE-262E1FE62244}"
	ProjectSection(SolutionItems) = preProject
		Common\OpenNetK\Adapter_Statistics.h = Common\OpenNetK\Adapter_Statistics.h
	EndProjectSection
EndProject
Project("{8BC9CEB8-8B4A-11D0-8D11-00A0C91BC942}") = "TestLib", "TestLib\TestLib.vcxproj", "{1EEE4967-EAE8-4799-A368-E5495B1021F1}"
	ProjectSection(ProjectDependencies) = postProject
		{2F3A6ADE-B691-467A-A358-4DA35BCB9918} = {2F3A6ADE-B691-467A-A358-4DA35BCB9918}
	EndProjectSection
EndProject
Project("{2150E333-8FDC-42A3-9474-1A3956D46DE8}") = "TestLib", "TestLib", "{F717FA89-DD40-4CFC-BDA0-FE69C6D37B01}"
	ProjectSection(SolutionItems) = preProject
		Common\TestLib\Code.h = Common\TestLib\Code.h
		Common\TestLib\Test.h = Common\TestLib\Test.h
		Common\TestLib\TestFactory.h = Common\TestLib\TestFactory.h
	EndProjectSection
EndProject
Project("{2150E333-8FDC-42A3-9474-1A3956D46DE8}") = "Scripts", "Scripts", "{DDC857B0-A3ED-4E00-9A0F-5AAAB745368D}"
	ProjectSection(SolutionItems) = preProject
		Scripts\Import.cmd = Scripts\Import.cmd
		Scripts\Import.cmd.txt = Scripts\Import.cmd.txt
	EndProjectSection
EndProject
Project("{2150E333-8FDC-42A3-9474-1A3956D46DE8}") = "OpenNet_Tool", "OpenNet_Tool", "{7A086992-CDEA-4B24-96B1-404A882FE13A}"
	ProjectSection(SolutionItems) = preProject
		Scripts\OpenNet_Tool\A00DDC001A_WX5100_10.txt = Scripts\OpenNet_Tool\A00DDC001A_WX5100_10.txt
		Scripts\OpenNet_Tool\A00DDC001I_WX5100_10.txt = Scripts\OpenNet_Tool\A00DDC001I_WX5100_10.txt
		Scripts\OpenNet_Tool\A00DDN001A_WX5100_10.txt = Scripts\OpenNet_Tool\A00DDN001A_WX5100_10.txt
		Scripts\OpenNet_Tool\A00DDN001I_WX5100_10.txt = Scripts\OpenNet_Tool\A00DDN001I_WX5100_10.txt
		Scripts\OpenNet_Tool\A00RRC001A_WX5100_10.txt = Scripts\OpenNet_Tool\A00RRC001A_WX5100_10.txt
		Scripts\OpenNet_Tool\A00RRC001I_WX5100_10.txt = Scripts\OpenNet_Tool\A00RRC001I_WX5100_10.txt
		Scripts\OpenNet_Tool\A00RRC001I_WX5100_10_Profiling.txt = Scripts\OpenNet_Tool\A00RRC001I_WX5100_10_Profiling.txt
		Scripts\OpenNet_Tool\A01RDCfffA_WX9100_10.txt = Scripts\OpenNet_Tool\A01RDCfffA_WX9100_10.txt
		Scripts\OpenNet_Tool\README.md = Scripts\OpenNet_Tool\README.md
	EndProjectSection
EndProject
Project("{8BC9CEB8-8B4A-11D0-8D11-00A0C91BC942}") = "ONK_Connect", "ONK_Connect\ONK_Connect.vcxproj", "{B767A1E4-A844-4B17-AF6F-A4AE4A3BE347}"
EndProject
Project("{8BC9CEB8-8B4A-11D0-8D11-00A0C91BC942}") = "ONK_Tunnel_IO", "ONK_Tunnel_IO\ONK_Tunnel_IO.vcxproj", "{FFD857EA-C6AE-4E09-8C5E-CC85C77D1E3B}"
	ProjectSection(ProjectDependencies) = postProject
		{03ADF26E-74F0-4F2A-989B-F408B0AAC441} = {03ADF26E-74F0-4F2A-989B-F408B0AAC441}
	EndProjectSection
EndProject
Project("{8BC9CEB8-8B4A-11D0-8D11-00A0C91BC942}") = "OpenNet_Setup", "OpenNet_Setup\OpenNet_Setup.vcxproj", "{72B42699-09A3-430C-8774-F431712ABE68}"
	ProjectSection(ProjectDependencies) = postProject
		{2F3A6ADE-B691-467A-A358-4DA35BCB9918} = {2F3A6ADE-B691-467A-A358-4DA35BCB9918}
	EndProjectSection
EndProject
Global
	GlobalSection(SolutionConfigurationPlatforms) = preSolution
		Debug|ARM = Debug|ARM
		Debug|ARM64 = Debug|ARM64
		Debug|x64 = Debug|x64
		Debug|x86 = Debug|x86
		Release|ARM = Release|ARM
		Release|ARM64 = Release|ARM64
		Release|x64 = Release|x64
		Release|x86 = Release|x86
	EndGlobalSection
	GlobalSection(ProjectConfigurationPlatforms) = postSolution
		{03ADF26E-74F0-4F2A-989B-F408B0AAC441}.Debug|ARM.ActiveCfg = Debug|x64
		{03ADF26E-74F0-4F2A-989B-F408B0AAC441}.Debug|ARM64.ActiveCfg = Debug|x64
		{03ADF26E-74F0-4F2A-989B-F408B0AAC441}.Debug|x64.ActiveCfg = Debug|x64
		{03ADF26E-74F0-4F2A-989B-F408B0AAC441}.Debug|x64.Build.0 = Debug|x64
		{03ADF26E-74F0-4F2A-989B-F408B0AAC441}.Debug|x86.ActiveCfg = Debug|x64
		{03ADF26E-74F0-4F2A-989B-F408B0AAC441}.Release|ARM.ActiveCfg = Release|x64
		{03ADF26E-74F0-4F2A-989B-F408B0AAC441}.Release|ARM64.ActiveCfg = Release|x64
		{03ADF26E-74F0-4F2A-989B-F408B0AAC441}.Release|x64.ActiveCfg = Release|x64
		{03ADF26E-74F0-4F2A-989B-F408B0AAC441}.Release|x64.Build.0 = Release|x64
		{03ADF26E-74F0-4F2A-989B-F408B0AAC441}.Release|x86.ActiveCfg = Release|x64
		{67B73CC5-DF7B-4E3D-A996-BE8BBFBB2150}.Debug|ARM.ActiveCfg = Debug|x64
		{67B73CC5-DF7B-4E3D-A996-BE8BBFBB2150}.Debug|ARM64.ActiveCfg = Debug|x64
		{67B73CC5-DF7B-4E3D-A996-BE8BBFBB2150}.Debug|x64.ActiveCfg = Debug|x64
		{67B73CC5-DF7B-4E3D-A996-BE8BBFBB2150}.Debug|x64.Build.0 = Debug|x64
		{67B73CC5-DF7B-4E3D-A996-BE8BBFBB2150}.Debug|x86.ActiveCfg = Debug|x64
		{67B73CC5-DF7B-4E3D-A996-BE8BBFBB2150}.Release|ARM.ActiveCfg = Release|x64
		{67B73CC5-DF7B-4E3D-A996-BE8BBFBB2150}.Release|ARM64.ActiveCfg = Release|x64
		{67B73CC5-DF7B-4E3D-A996-BE8BBFBB2150}.Release|x64.ActiveCfg = Release|x64
		{67B73CC5-DF7B-4E3D-A996-BE8BBFBB2150}.Release|x64.Build.0 = Release|x64
		{67B73CC5-DF7B-4E3D-A996-BE8BBFBB2150}.Release|x86.ActiveCfg = Release|x64
		{2F3A6ADE-B691-467A-A358-4DA35BCB9918}.Debug|ARM.ActiveCfg = Debug|x64
		{2F3A6ADE-B691-467A-A358-4DA35BCB9918}.Debug|ARM64.ActiveCfg = Debug|x64
		{2F3A6ADE-B691-467A-A358-4DA35BCB9918}.Debug|x64.ActiveCfg = Debug|x64
		{2F3A6ADE-B691-467A-A358-4DA35BCB9918}.Debug|x64.Build.0 = Debug|x64
		{2F3A6ADE-B691-467A-A358-4DA35BCB9918}.Debug|x86.ActiveCfg = Debug|x64
		{2F3A6ADE-B691-467A-A358-4DA35BCB9918}.Release|ARM.ActiveCfg = Release|x64
		{2F3A6ADE-B691-467A-A358-4DA35BCB9918}.Release|ARM64.ActiveCfg = Release|x64
		{2F3A6ADE-B691-467A-A358-4DA35BCB9918}.Release|x64.ActiveCfg = Release|x64
		{2F3A6ADE-B691-467A-A358-4DA35BCB9918}.Release|x64.Build.0 = Release|x64
		{2F3A6ADE-B691-467A-A358-4DA35BCB9918}.Release|x86.ActiveCfg = Release|x64
		{412545E0-4103-4A09-B75E-A1E20258258C}.Debug|ARM.ActiveCfg = Debug|x64
		{412545E0-4103-4A09-B75E-A1E20258258C}.Debug|ARM64.ActiveCfg = Debug|x64
		{412545E0-4103-4A09-B75E-A1E20258258C}.Debug|x64.ActiveCfg = Debug|x64
		{412545E0-4103-4A09-B75E-A1E20258258C}.Debug|x64.Build.0 = Debug|x64
		{412545E0-4103-4A09-B75E-A1E20258258C}.Debug|x86.ActiveCfg = Debug|x64
		{412545E0-4103-4A09-B75E-A1E20258258C}.Release|ARM.ActiveCfg = Release|x64
		{412545E0-4103-4A09-B75E-A1E20258258C}.Release|ARM64.ActiveCfg = Release|x64
		{412545E0-4103-4A09-B75E-A1E20258258C}.Release|x64.ActiveCfg = Release|x64
		{412545E0-4103-4A09-B75E-A1E20258258C}.Release|x64.Build.0 = Release|x64
		{412545E0-4103-4A09-B75E-A1E20258258C}.Release|x86.ActiveCfg = Release|x64
		{6E1300E6-C298-4442-952D-8268659F74D6}.Debug|ARM.ActiveCfg = Debug|x64
		{6E1300E6-C298-4442-952D-8268659F74D6}.Debug|ARM64.ActiveCfg = Debug|x64
		{6E1300E6-C298-4442-952D-8268659F74D6}.Debug|x64.ActiveCfg = Debug|x64
		{6E1300E6-C298-4442-952D-8268659F74D6}.Debug|x64.Build.0 = Debug|x64
		{6E1300E6-C298-4442-952D-8268659F74D6}.Debug|x86.ActiveCfg = Debug|x64
		{6E1300E6-C298-4442-952D-8268659F74D6}.Release|ARM.ActiveCfg = Release|x64
		{6E1300E6-C298-4442-952D-8268659F74D6}.Release|ARM64.ActiveCfg = Release|x64
		{6E1300E6-C298-4442-952D-8268659F74D6}.Release|x64.ActiveCfg = Release|x64
		{6E1300E6-C298-4442-952D-8268659F74D6}.Release|x64.Build.0 = Release|x64
		{6E1300E6-C298-4442-952D-8268659F74D6}.Release|x86.ActiveCfg = Release|x64
		{0FEE010C-5B77-415F-A3D1-02B52DD2C4C6}.Debug|ARM.ActiveCfg = Debug|x64
		{0FEE010C-5B77-415F-A3D1-02B52DD2C4C6}.Debug|ARM64.ActiveCfg = Debug|x64
		{0FEE010C-5B77-415F-A3D1-02B52DD2C4C6}.Debug|x64.ActiveCfg = Debug|x64
		{0FEE010C-5B77-415F-A3D1-02B52DD2C4C6}.Debug|x86.ActiveCfg = Debug|x64
		{0FEE010C-5B77-415F-A3D1-02B52DD2C4C6}.Release|ARM.ActiveCfg = Release|x64
		{0FEE010C-5B77-415F-A3D1-02B52DD2C4C6}.Release|ARM64.ActiveCfg = Release|x64
		{0FEE010C-5B77-415F-A3D1-02B52DD2C4C6}.Release|x64.ActiveCfg = Release|x64
		{0FEE010C-5B77-415F-A3D1-02B52DD2C4C6}.Release|x86.ActiveCfg = Release|x64
		{79320093-599B-4BD3-B289-0A8BF48BCFF3}.Debug|ARM.ActiveCfg = Debug|x64
		{79320093-599B-4BD3-B289-0A8BF48BCFF3}.Debug|ARM64.ActiveCfg = Debug|x64
		{79320093-599B-4BD3-B289-0A8BF48BCFF3}.Debug|x64.ActiveCfg = Debug|x64
		{79320093-599B-4BD3-B289-0A8BF48BCFF3}.Debug|x64.Build.0 = Debug|x64
		{79320093-599B-4BD3-B289-0A8BF48BCFF3}.Debug|x86.ActiveCfg = Debug|x64
		{79320093-599B-4BD3-B289-0A8BF48BCFF3}.Release|ARM.ActiveCfg = Release|x64
		{79320093-599B-4BD3-B289-0A8BF48BCFF3}.Release|ARM64.ActiveCfg = Release|x64
		{79320093-599B-4BD3-B289-0A8BF48BCFF3}.Release|x64.ActiveCfg = Release|x64
		{79320093-599B-4BD3-B289-0A8BF48BCFF3}.Release|x64.Build.0 = Release|x64
		{79320093-599B-4BD3-B289-0A8BF48BCFF3}.Release|x86.ActiveCfg = Release|x64
		{1EEE4967-EAE8-4799-A368-E5495B1021F1}.Debug|ARM.ActiveCfg = Debug|Win32
		{1EEE4967-EAE8-4799-A368-E5495B1021F1}.Debug|ARM64.ActiveCfg = Debug|Win32
		{1EEE4967-EAE8-4799-A368-E5495B1021F1}.Debug|x64.ActiveCfg = Debug|x64
		{1EEE4967-EAE8-4799-A368-E5495B1021F1}.Debug|x64.Build.0 = Debug|x64
		{1EEE4967-EAE8-4799-A368-E5495B1021F1}.Debug|x86.ActiveCfg = Debug|Win32
		{1EEE4967-EAE8-4799-A368-E5495B1021F1}.Debug|x86.Build.0 = Debug|Win32
		{1EEE4967-EAE8-4799-A368-E5495B1021F1}.Release|ARM.ActiveCfg = Release|Win32
		{1EEE4967-EAE8-4799-A368-E5495B1021F1}.Release|ARM64.ActiveCfg = Release|Win32
		{1EEE4967-EAE8-4799-A368-E5495B1021F1}.Release|x64.ActiveCfg = Release|x64
		{1EEE4967-EAE8-4799-A368-E5495B1021F1}.Release|x64.Build.0 = Release|x64
		{1EEE4967-EAE8-4799-A368-E5495B1021F1}.Release|x86.ActiveCfg = Release|Win32
		{1EEE4967-EAE8-4799-A368-E5495B1021F1}.Release|x86.Build.0 = Release|Win32
		{B767A1E4-A844-4B17-AF6F-A4AE4A3BE347}.Debug|ARM.ActiveCfg = Debug|ARM
		{B767A1E4-A844-4B17-AF6F-A4AE4A3BE347}.Debug|ARM.Build.0 = Debug|ARM
		{B767A1E4-A844-4B17-AF6F-A4AE4A3BE347}.Debug|ARM.Deploy.0 = Debug|ARM
		{B767A1E4-A844-4B17-AF6F-A4AE4A3BE347}.Debug|ARM64.ActiveCfg = Debug|ARM64
		{B767A1E4-A844-4B17-AF6F-A4AE4A3BE347}.Debug|ARM64.Build.0 = Debug|ARM64
		{B767A1E4-A844-4B17-AF6F-A4AE4A3BE347}.Debug|ARM64.Deploy.0 = Debug|ARM64
		{B767A1E4-A844-4B17-AF6F-A4AE4A3BE347}.Debug|x64.ActiveCfg = Debug|x64
		{B767A1E4-A844-4B17-AF6F-A4AE4A3BE347}.Debug|x64.Build.0 = Debug|x64
		{B767A1E4-A844-4B17-AF6F-A4AE4A3BE347}.Debug|x64.Deploy.0 = Debug|x64
		{B767A1E4-A844-4B17-AF6F-A4AE4A3BE347}.Debug|x86.ActiveCfg = Debug|Win32
		{B767A1E4-A844-4B17-AF6F-A4AE4A3BE347}.Debug|x86.Build.0 = Debug|Win32
		{B767A1E4-A844-4B17-AF6F-A4AE4A3BE347}.Debug|x86.Deploy.0 = Debug|Win32
		{B767A1E4-A844-4B17-AF6F-A4AE4A3BE347}.Release|ARM.ActiveCfg = Release|ARM
		{B767A1E4-A844-4B17-AF6F-A4AE4A3BE347}.Release|ARM.Build.0 = Release|ARM
		{B767A1E4-A844-4B17-AF6F-A4AE4A3BE347}.Release|ARM.Deploy.0 = Release|ARM
		{B767A1E4-A844-4B17-AF6F-A4AE4A3BE347}.Release|ARM64.ActiveCfg = Release|ARM64
		{B767A1E4-A844-4B17-AF6F-A4AE4A3BE347}.Release|ARM64.Build.0 = Release|ARM64
		{B767A1E4-A844-4B17-AF6F-A4AE4A3BE347}.Release|ARM64.Deploy.0 = Release|ARM64
		{B767A1E4-A844-4B17-AF6F-A4AE4A3BE347}.Release|x64.ActiveCfg = Release|x64
		{B767A1E4-A844-4B17-AF6F-A4AE4A3BE347}.Release|x64.Build.0 = Release|x64
		{B767A1E4-A844-4B17-AF6F-A4AE4A3BE347}.Release|x64.Deploy.0 = Release|x64
		{B767A1E4-A844-4B17-AF6F-A4AE4A3BE347}.Release|x86.ActiveCfg = Release|Win32
		{B767A1E4-A844-4B17-AF6F-A4AE4A3BE347}.Release|x86.Build.0 = Release|Win32
		{B767A1E4-A844-4B17-AF6F-A4AE4A3BE347}.Release|x86.Deploy.0 = Release|Win32
		{FFD857EA-C6AE-4E09-8C5E-CC85C77D1E3B}.Debug|ARM.ActiveCfg = Debug|ARM
		{FFD857EA-C6AE-4E09-8C5E-CC85C77D1E3B}.Debug|ARM.Build.0 = Debug|ARM
		{FFD857EA-C6AE-4E09-8C5E-CC85C77D1E3B}.Debug|ARM.Deploy.0 = Debug|ARM
		{FFD857EA-C6AE-4E09-8C5E-CC85C77D1E3B}.Debug|ARM64.ActiveCfg = Debug|ARM64
		{FFD857EA-C6AE-4E09-8C5E-CC85C77D1E3B}.Debug|ARM64.Build.0 = Debug|ARM64
		{FFD857EA-C6AE-4E09-8C5E-CC85C77D1E3B}.Debug|ARM64.Deploy.0 = Debug|ARM64
		{FFD857EA-C6AE-4E09-8C5E-CC85C77D1E3B}.Debug|x64.ActiveCfg = Debug|x64
		{FFD857EA-C6AE-4E09-8C5E-CC85C77D1E3B}.Debug|x64.Build.0 = Debug|x64
		{FFD857EA-C6AE-4E09-8C5E-CC85C77D1E3B}.Debug|x64.Deploy.0 = Debug|x64
		{FFD857EA-C6AE-4E09-8C5E-CC85C77D1E3B}.Debug|x86.ActiveCfg = Debug|Win32
		{FFD857EA-C6AE-4E09-8C5E-CC85C77D1E3B}.Debug|x86.Build.0 = Debug|Win32
		{FFD857EA-C6AE-4E09-8C5E-CC85C77D1E3B}.Debug|x86.Deploy.0 = Debug|Win32
		{FFD857EA-C6AE-4E09-8C5E-CC85C77D1E3B}.Release|ARM.ActiveCfg = Release|ARM
		{FFD857EA-C6AE-4E09-8C5E-CC85C77D1E3B}.Release|ARM.Build.0 = Release|ARM
		{FFD857EA-C6AE-4E09-8C5E-CC85C77D1E3B}.Release|ARM.Deploy.0 = Release|ARM
		{FFD857EA-C6AE-4E09-8C5E-CC85C77D1E3B}.Release|ARM64.ActiveCfg = Release|ARM64
		{FFD857EA-C6AE-4E09-8C5E-CC85C77D1E3B}.Release|ARM64.Build.0 = Release|ARM64
		{FFD857EA-C6AE-4E09-8C5E-CC85C77D1E3B}.Release|ARM64.Deploy.0 = Release|ARM64
		{FFD857EA-C6AE-4E09-8C5E-CC85C77D1E3B}.Release|x64.ActiveCfg = Release|x64
		{FFD857EA-C6AE-4E09-8C5E-CC85C77D1E3B}.Release|x64.Build.0 = Release|x64
		{FFD857EA-C6AE-4E09-8C5E-CC85C77D1E3B}.Release|x64.Deploy.0 = Release|x64
		{FFD857EA-C6AE-4E09-8C5E-CC85C77D1E3B}.Release|x86.ActiveCfg = Release|Win32
		{FFD857EA-C6AE-4E09-8C5E-CC85C77D1E3B}.Release|x86.Build.0 = Release|Win32
		{FFD857EA-C6AE-4E09-8C5E-CC85C77D1E3B}.Release|x86.Deploy.0 = Release|Win32
		{72B42699-09A3-430C-8774-F431712ABE68}.Debug|ARM.ActiveCfg = Debug|Win32
		{72B42699-09A3-430C-8774-F431712ABE68}.Debug|ARM64.ActiveCfg = Debug|Win32
		{72B42699-09A3-430C-8774-F431712ABE68}.Debug|x64.ActiveCfg = Debug|x64
		{72B42699-09A3-430C-8774-F431712ABE68}.Debug|x64.Build.0 = Debug|x64
		{72B42699-09A3-430C-8774-F431712ABE68}.Debug|x86.ActiveCfg = Debug|Win32
		{72B42699-09A3-430C-8774-F431712ABE68}.Debug|x86.Build.0 = Debug|Win32
		{72B42699-09A3-430C-8774-F431712ABE68}.Release|ARM.ActiveCfg = Release|Win32
		{72B42699-09A3-430C-8774-F431712ABE68}.Release|ARM64.ActiveCfg = Release|Win32
		{72B42699-09A3-430C-8774-F431712ABE68}.Release|x64.ActiveCfg = Release|x64
		{72B42699-09A3-430C-8774-F431712ABE68}.Release|x64.Build.0 = Release|x64
		{72B42699-09A3-430C-8774-F431712ABE68}.Release|x86.ActiveCfg = Release|Win32
		{72B42699-09A3-430C-8774-F431712ABE68}.Release|x86.Build.0 = Release|Win32
	EndGlobalSection
	GlobalSection(SolutionProperties) = preSolution
		HideSolutionNode = FALSE
	EndGlobalSection
	GlobalSection(NestedProjects) = preSolution
		{6D01BCC7-C19F-4709-A2C6-39FC2CAC8392} = {71B9DF04-676B-40FF-8B9F-DC35FC9B8A3C}
		{CC513D0F-734D-4F5A-816A-911BAA9F2061} = {71B9DF04-676B-40FF-8B9F-DC35FC9B8A3C}
		{F6D48D20-B04B-47E1-AB5E-C84AF52E70C4} = {2347E8F1-0547-43FF-9456-724FC9DAC35F}
		{B4675DF3-6BF9-483B-AB9F-11FAF0BFC219} = {B19569F8-BE7B-4B34-9AB9-8104A177AC85}
		{2CF49A29-C06C-4972-B8BE-262E1FE62244} = {B19569F8-BE7B-4B34-9AB9-8104A177AC85}
		{F717FA89-DD40-4CFC-BDA0-FE69C6D37B01} = {B19569F8-BE7B-4B34-9AB9-8104A177AC85}
		{7A086992-CDEA-4B24-96B1-404A882FE13A} = {DDC857B0-A3ED-4E00-9A0F-5AAAB745368D}
	EndGlobalSection
	GlobalSection(ExtensibilityGlobals) = postSolution
		SolutionGuid = {3390872B-D3FA-4AAE-8BB2-0888DA87EF63}
	EndGlobalSection
EndGlobal
