<?xml version="1.0" encoding="utf-8"?>
<Project ToolsVersion="4.0" xmlns="http://schemas.microsoft.com/developer/msbuild/2003">
  <ItemGroup>
    <Filter Include="Source Files">
      <UniqueIdentifier>{4FC737F1-C7A5-4376-A066-2A32D752A2FF}</UniqueIdentifier>
      <Extensions>cpp;c;cc;cxx;def;odl;idl;hpj;bat;asm;asmx</Extensions>
    </Filter>
    <Filter Include="Header Files">
      <UniqueIdentifier>{93995380-89BD-4b04-88EB-625FBE52EBFB}</UniqueIdentifier>
      <Extensions>h;hh;hpp;hxx;hm;inl;inc;xsd</Extensions>
    </Filter>
    <Filter Include="Resource Files">
      <UniqueIdentifier>{67DA6AB6-F800-4c08-8B7A-83BB121AAD01}</UniqueIdentifier>
      <Extensions>rc;ico;cur;bmp;dlg;rc2;rct;bin;rgs;gif;jpg;jpeg;jpe;resx;tiff;tif;png;wav;mfcribbon-ms</Extensions>
    </Filter>
    <Filter Include="_DocUser">
      <UniqueIdentifier>{487ca310-df0b-4dc5-91fe-7ad82be177e9}</UniqueIdentifier>
    </Filter>
    <Filter Include="Header Files\Internal">
      <UniqueIdentifier>{629ca5f3-c2a6-46be-b61b-43966a7f713c}</UniqueIdentifier>
    </Filter>
    <Filter Include="Header Files\Linux">
      <UniqueIdentifier>{ae57a484-2ba7-4100-b900-20c361c0a029}</UniqueIdentifier>
    </Filter>
    <Filter Include="Header Files\Windows">
      <UniqueIdentifier>{0a2b89a4-608d-4fe4-8f6a-d59c542751ef}</UniqueIdentifier>
    </Filter>
    <Filter Include="Header Files\OpenCL">
      <UniqueIdentifier>{b54f9ac1-1b32-49f6-b7bb-ca0f072274dd}</UniqueIdentifier>
    </Filter>
    <Filter Include="Header Files\CUDA">
      <UniqueIdentifier>{c514bd25-6c19-4bc6-aea2-6dd4e00e87ae}</UniqueIdentifier>
    </Filter>
    <Filter Include="Source Files\Internal">
      <UniqueIdentifier>{6fde5bc5-93f2-4bdb-ac93-a9d1ad1f27ae}</UniqueIdentifier>
    </Filter>
    <Filter Include="Source Files\Linux">
      <UniqueIdentifier>{5f32c059-1c1e-49b0-93da-3777355d39c5}</UniqueIdentifier>
    </Filter>
    <Filter Include="Source Files\Windows">
      <UniqueIdentifier>{ca514bcc-3a6c-4e49-a916-e7a2e9009d7f}</UniqueIdentifier>
    </Filter>
    <Filter Include="Source Files\OpenCL">
      <UniqueIdentifier>{ca359e81-f580-41bf-9385-0a7ea62b3973}</UniqueIdentifier>
    </Filter>
    <Filter Include="Source Files\CUDA">
      <UniqueIdentifier>{1d6bf8dd-2d06-4a58-8225-1d20f9d29e30}</UniqueIdentifier>
    </Filter>
  </ItemGroup>
  <ItemGroup>
    <ResourceCompile Include="..\Common\Version.rc">
      <Filter>Resource Files</Filter>
    </ResourceCompile>
  </ItemGroup>
  <ItemGroup>
    <ClCompile Include="OpenNet.cpp">
      <Filter>Source Files</Filter>
    </ClCompile>
    <ClCompile Include="System.cpp">
      <Filter>Source Files</Filter>
    </ClCompile>
    <ClCompile Include="Status.cpp">
      <Filter>Source Files</Filter>
    </ClCompile>
    <ClCompile Include="Adapter.cpp">
      <Filter>Source Files</Filter>
    </ClCompile>
    <ClCompile Include="Processor.cpp">
      <Filter>Source Files</Filter>
    </ClCompile>
    <ClCompile Include="EthernetAddress.cpp">
      <Filter>Source Files</Filter>
    </ClCompile>
    <ClCompile Include="VersionInfo.cpp">
      <Filter>Source Files</Filter>
    </ClCompile>
    <ClCompile Include="StatisticsProvider.cpp">
      <Filter>Source Files</Filter>
    </ClCompile>
    <ClCompile Include="Thread_Kernel.cpp">
      <Filter>Source Files</Filter>
    </ClCompile>
    <ClCompile Include="Thread.cpp">
      <Filter>Source Files</Filter>
    </ClCompile>
    <ClCompile Include="Kernel.cpp">
      <Filter>Source Files</Filter>
    </ClCompile>
    <ClCompile Include="SourceCode.cpp">
      <Filter>Source Files</Filter>
    </ClCompile>
    <ClCompile Include="Kernel_Forward.cpp">
      <Filter>Source Files</Filter>
    </ClCompile>
    <ClCompile Include="Thread_Functions.cpp">
      <Filter>Source Files</Filter>
    </ClCompile>
    <ClCompile Include="Kernel_Functions.cpp">
      <Filter>Source Files</Filter>
    </ClCompile>
    <ClCompile Include="Function.cpp">
      <Filter>Source Files</Filter>
    </ClCompile>
    <ClCompile Include="Function_Forward.cpp">
      <Filter>Source Files</Filter>
    </ClCompile>
    <ClCompile Include="SourceCode_Forward.cpp">
      <Filter>Source Files</Filter>
    </ClCompile>
    <ClCompile Include="PacketGenerator.cpp">
      <Filter>Source Files</Filter>
    </ClCompile>
    <ClCompile Include="Event.cpp">
      <Filter>Source Files</Filter>
    </ClCompile>
    <ClCompile Include="UserBuffer.cpp">
      <Filter>Source Files</Filter>
    </ClCompile>
    <ClCompile Include="Utils.cpp">
      <Filter>Source Files</Filter>
    </ClCompile>
    <ClCompile Include="Buffer.cpp">
      <Filter>Source Files</Filter>
    </ClCompile>
    <ClCompile Include="SetupTool.cpp">
      <Filter>Source Files</Filter>
    </ClCompile>
    <ClCompile Include="CUDA\Buffer_CUDA.cpp">
      <Filter>Source Files\CUDA</Filter>
    </ClCompile>
    <ClCompile Include="CUDA\CUDAW.cpp">
      <Filter>Source Files\CUDA</Filter>
    </ClCompile>
    <ClCompile Include="CUDA\CUW.cpp">
      <Filter>Source Files\CUDA</Filter>
    </ClCompile>
    <ClCompile Include="CUDA\Event_CUDA.cpp">
      <Filter>Source Files\CUDA</Filter>
    </ClCompile>
    <ClCompile Include="CUDA\NVRTCW.cpp">
      <Filter>Source Files\CUDA</Filter>
    </ClCompile>
    <ClCompile Include="CUDA\Processor_CUDA.cpp">
      <Filter>Source Files\CUDA</Filter>
    </ClCompile>
    <ClCompile Include="CUDA\System_CUDA.cpp">
      <Filter>Source Files\CUDA</Filter>
    </ClCompile>
    <ClCompile Include="CUDA\Thread_CUDA.cpp">
      <Filter>Source Files\CUDA</Filter>
    </ClCompile>
    <ClCompile Include="CUDA\Thread_Functions_CUDA.cpp">
      <Filter>Source Files\CUDA</Filter>
    </ClCompile>
    <ClCompile Include="CUDA\Thread_Kernel_CUDA.cpp">
      <Filter>Source Files\CUDA</Filter>
    </ClCompile>
    <ClCompile Include="CUDA\UserBuffer_CUDA.cpp">
      <Filter>Source Files\CUDA</Filter>
    </ClCompile>
    <ClCompile Include="Internal\Adapter_Internal.cpp">
      <Filter>Source Files\Internal</Filter>
    </ClCompile>
    <ClCompile Include="Internal\Buffer_Internal.cpp">
      <Filter>Source Files\Internal</Filter>
    </ClCompile>
    <ClCompile Include="Internal\PacketGenerator_Internal.cpp">
      <Filter>Source Files\Internal</Filter>
    </ClCompile>
    <ClCompile Include="Internal\Processor_Internal.cpp">
      <Filter>Source Files\Internal</Filter>
    </ClCompile>
    <ClCompile Include="Internal\SetupTool_Internal.cpp">
      <Filter>Source Files\Internal</Filter>
    </ClCompile>
    <ClCompile Include="Internal\System_Internal.cpp">
      <Filter>Source Files\Internal</Filter>
    </ClCompile>
    <ClCompile Include="Internal\UserBuffer_Internal.cpp">
      <Filter>Source Files\Internal</Filter>
    </ClCompile>
    <ClCompile Include="Linux\Adapter_Linux.cpp">
      <Filter>Source Files\Linux</Filter>
    </ClCompile>
    <ClCompile Include="Linux\FolderFinder_Linux.cpp">
      <Filter>Source Files\Linux</Filter>
    </ClCompile>
    <ClCompile Include="Linux\SetupTool_Linux.cpp">
      <Filter>Source Files\Linux</Filter>
    </ClCompile>
    <ClCompile Include="OpenCL\Buffer_OpenCL.cpp">
      <Filter>Source Files\OpenCL</Filter>
    </ClCompile>
    <ClCompile Include="OpenCL\Event_OpenCL.cpp">
      <Filter>Source Files\OpenCL</Filter>
    </ClCompile>
    <ClCompile Include="OpenCL\OCLW.cpp">
      <Filter>Source Files\OpenCL</Filter>
    </ClCompile>
    <ClCompile Include="OpenCL\Processor_OpenCL.cpp">
      <Filter>Source Files\OpenCL</Filter>
    </ClCompile>
    <ClCompile Include="OpenCL\System_OpenCL.cpp">
      <Filter>Source Files\OpenCL</Filter>
    </ClCompile>
    <ClCompile Include="OpenCL\Thread_Functions_OpenCL.cpp">
      <Filter>Source Files\OpenCL</Filter>
    </ClCompile>
    <ClCompile Include="OpenCL\Thread_Kernel_OpenCL.cpp">
      <Filter>Source Files\OpenCL</Filter>
    </ClCompile>
    <ClCompile Include="OpenCL\Thread_OpenCL.cpp">
      <Filter>Source Files\OpenCL</Filter>
    </ClCompile>
    <ClCompile Include="OpenCL\UserBuffer_OpenCL.cpp">
      <Filter>Source Files\OpenCL</Filter>
    </ClCompile>
    <ClCompile Include="Windows\Adapter_Windows.cpp">
      <Filter>Source Files\Windows</Filter>
    </ClCompile>
    <ClCompile Include="Windows\FolderFinder_Windows.cpp">
      <Filter>Source Files\Windows</Filter>
    </ClCompile>
    <ClCompile Include="Windows\SetupTool_Windows.cpp">
      <Filter>Source Files\Windows</Filter>
    </ClCompile>
    <ClCompile Include="FolderFinder.cpp">
      <Filter>Source Files</Filter>
    </ClCompile>
  </ItemGroup>
  <ItemGroup>
    <ClInclude Include="VersionInfo.h">
      <Filter>Header Files</Filter>
    </ClInclude>
    <ClInclude Include="EthernetAddress.h">
      <Filter>Header Files</Filter>
    </ClInclude>
    <ClInclude Include="Kernel_Functions.h">
      <Filter>Header Files</Filter>
    </ClInclude>
    <ClInclude Include="Thread.h">
      <Filter>Header Files</Filter>
    </ClInclude>
    <ClInclude Include="Thread_Functions.h">
      <Filter>Header Files</Filter>
    </ClInclude>
    <ClInclude Include="Thread_Kernel.h">
      <Filter>Header Files</Filter>
    </ClInclude>
    <ClInclude Include="SourceCode_Forward.h">
      <Filter>Header Files</Filter>
    </ClInclude>
    <ClInclude Include="Constants.h">
      <Filter>Header Files</Filter>
    </ClInclude>
    <ClInclude Include="Utils.h">
      <Filter>Header Files</Filter>
    </ClInclude>
    <ClInclude Include="Component.h">
      <Filter>Header Files</Filter>
    </ClInclude>
    <ClInclude Include="FolderFinder.h">
      <Filter>Header Files</Filter>
    </ClInclude>
    <ClInclude Include="CUDA\Buffer_CUDA.h">
      <Filter>Header Files\CUDA</Filter>
    </ClInclude>
    <ClInclude Include="CUDA\CUDAW.h">
      <Filter>Header Files\CUDA</Filter>
    </ClInclude>
    <ClInclude Include="CUDA\CUW.h">
      <Filter>Header Files\CUDA</Filter>
    </ClInclude>
    <ClInclude Include="CUDA\Event_CUDA.h">
      <Filter>Header Files\CUDA</Filter>
    </ClInclude>
    <ClInclude Include="CUDA\NVRTCW.h">
      <Filter>Header Files\CUDA</Filter>
    </ClInclude>
    <ClInclude Include="CUDA\Processor_CUDA.h">
      <Filter>Header Files\CUDA</Filter>
    </ClInclude>
    <ClInclude Include="CUDA\System_CUDA.h">
      <Filter>Header Files\CUDA</Filter>
    </ClInclude>
    <ClInclude Include="CUDA\Thread_CUDA.h">
      <Filter>Header Files\CUDA</Filter>
    </ClInclude>
    <ClInclude Include="CUDA\Thread_Functions_CUDA.h">
      <Filter>Header Files\CUDA</Filter>
    </ClInclude>
    <ClInclude Include="CUDA\Thread_Kernel_CUDA.h">
      <Filter>Header Files\CUDA</Filter>
    </ClInclude>
    <ClInclude Include="CUDA\UserBuffer_CUDA.h">
      <Filter>Header Files\CUDA</Filter>
    </ClInclude>
    <ClInclude Include="Internal\Adapter_Internal.h">
      <Filter>Header Files\Internal</Filter>
    </ClInclude>
    <ClInclude Include="Internal\Buffer_Internal.h">
      <Filter>Header Files\Internal</Filter>
    </ClInclude>
    <ClInclude Include="Internal\PacketGenerator_Internal.h">
      <Filter>Header Files\Internal</Filter>
    </ClInclude>
    <ClInclude Include="Internal\Processor_Internal.h">
      <Filter>Header Files\Internal</Filter>
    </ClInclude>
    <ClInclude Include="Internal\SetupTool_Internal.h">
      <Filter>Header Files\Internal</Filter>
    </ClInclude>
    <ClInclude Include="Internal\System_Internal.h">
      <Filter>Header Files\Internal</Filter>
    </ClInclude>
    <ClInclude Include="Internal\UserBuffer_Internal.h">
      <Filter>Header Files\Internal</Filter>
    </ClInclude>
    <ClInclude Include="Linux\Adapter_Linux.h">
      <Filter>Header Files\Linux</Filter>
    </ClInclude>
    <ClInclude Include="Linux\SetupTool_Linux.h">
      <Filter>Header Files\Linux</Filter>
    </ClInclude>
    <ClInclude Include="OpenCL\Buffer_OpenCL.h">
      <Filter>Header Files\OpenCL</Filter>
    </ClInclude>
    <ClInclude Include="OpenCL\Event_OpenCL.h">
      <Filter>Header Files\OpenCL</Filter>
    </ClInclude>
    <ClInclude Include="OpenCL\OCLW.h">
      <Filter>Header Files\OpenCL</Filter>
    </ClInclude>
    <ClInclude Include="OpenCL\Processor_OpenCL.h">
      <Filter>Header Files\OpenCL</Filter>
    </ClInclude>
    <ClInclude Include="OpenCL\System_OpenCL.h">
      <Filter>Header Files\OpenCL</Filter>
    </ClInclude>
    <ClInclude Include="OpenCL\Thread_Functions_OpenCL.h">
      <Filter>Header Files\OpenCL</Filter>
    </ClInclude>
    <ClInclude Include="OpenCL\Thread_Kernel_OpenCL.h">
      <Filter>Header Files\OpenCL</Filter>
    </ClInclude>
    <ClInclude Include="OpenCL\Thread_OpenCL.h">
      <Filter>Header Files\OpenCL</Filter>
    </ClInclude>
    <ClInclude Include="OpenCL\UserBuffer_OpenCL.h">
      <Filter>Header Files\OpenCL</Filter>
    </ClInclude>
    <ClInclude Include="Windows\Adapter_Windows.h">
      <Filter>Header Files\Windows</Filter>
    </ClInclude>
    <ClInclude Include="Windows\SetupTool_Windows.h">
      <Filter>Header Files\Windows</Filter>
    </ClInclude>
  </ItemGroup>
  <ItemGroup>
    <Text Include="_DocUser\ReadMe.txt">
      <Filter>_DocUser</Filter>
    </Text>
  </ItemGroup>
</Project>