<?xml version="1.0" encoding="utf-8"?>
<Project ToolsVersion="4.0" xmlns="http://schemas.microsoft.com/developer/msbuild/2003">
  <ItemGroup>
    <Filter Include="Source Files">
      <UniqueIdentifier>{4FC737F1-C7A5-4376-A066-2A32D752A2FF}</UniqueIdentifier>
      <Extensions>cpp;c;cc;cxx;def;odl;idl;hpj;bat;asm;asmx</Extensions>
    </Filter>
    <Filter Include="Header Files">
      <UniqueIdentifier>{93995380-89BD-4b04-88EB-625FBE52EBFB}</UniqueIdentifier>
      <Extensions>h;hh;hpp;hxx;hm;inl;inc;xsd</Extensions>
    </Filter>
    <Filter Include="Resource Files">
      <UniqueIdentifier>{67DA6AB6-F800-4c08-8B7A-83BB121AAD01}</UniqueIdentifier>
      <Extensions>rc;ico;cur;bmp;dlg;rc2;rct;bin;rgs;gif;jpg;jpeg;jpe;resx;tiff;tif;png;wav;mfcribbon-ms</Extensions>
    </Filter>
    <Filter Include="_DocUser">
      <UniqueIdentifier>{487ca310-df0b-4dc5-91fe-7ad82be177e9}</UniqueIdentifier>
    </Filter>
  </ItemGroup>
  <ItemGroup>
    <ResourceCompile Include="..\Common\Version.rc">
      <Filter>Resource Files</Filter>
    </ResourceCompile>
  </ItemGroup>
  <ItemGroup>
    <ClCompile Include="OpenNet.cpp">
      <Filter>Source Files</Filter>
    </ClCompile>
    <ClCompile Include="System.cpp">
      <Filter>Source Files</Filter>
    </ClCompile>
    <ClCompile Include="System_Internal.cpp">
      <Filter>Source Files</Filter>
    </ClCompile>
    <ClCompile Include="Processor_Internal.cpp">
      <Filter>Source Files</Filter>
    </ClCompile>
    <ClCompile Include="Adapter_Internal.cpp">
      <Filter>Source Files</Filter>
    </ClCompile>
    <ClCompile Include="Status.cpp">
      <Filter>Source Files</Filter>
    </ClCompile>
    <ClCompile Include="Adapter.cpp">
      <Filter>Source Files</Filter>
    </ClCompile>
    <ClCompile Include="Processor.cpp">
      <Filter>Source Files</Filter>
    </ClCompile>
    <ClCompile Include="EthernetAddress.cpp">
      <Filter>Source Files</Filter>
    </ClCompile>
    <ClCompile Include="VersionInfo.cpp">
      <Filter>Source Files</Filter>
    </ClCompile>
    <ClCompile Include="OCLW.cpp">
      <Filter>Source Files</Filter>
    </ClCompile>
    <ClCompile Include="StatisticsProvider.cpp">
      <Filter>Source Files</Filter>
    </ClCompile>
    <ClCompile Include="Buffer_Data.cpp">
      <Filter>Source Files</Filter>
    </ClCompile>
    <ClCompile Include="Thread_Kernel.cpp">
      <Filter>Source Files</Filter>
    </ClCompile>
    <ClCompile Include="Thread.cpp">
      <Filter>Source Files</Filter>
    </ClCompile>
    <ClCompile Include="Kernel.cpp">
      <Filter>Source Files</Filter>
    </ClCompile>
    <ClCompile Include="SourceCode.cpp">
      <Filter>Source Files</Filter>
    </ClCompile>
    <ClCompile Include="Kernel_Forward.cpp">
      <Filter>Source Files</Filter>
    </ClCompile>
    <ClCompile Include="Thread_Functions.cpp">
      <Filter>Source Files</Filter>
    </ClCompile>
    <ClCompile Include="Kernel_Functions.cpp">
      <Filter>Source Files</Filter>
    </ClCompile>
    <ClCompile Include="Function.cpp">
      <Filter>Source Files</Filter>
    </ClCompile>
    <ClCompile Include="Function_Forward.cpp">
      <Filter>Source Files</Filter>
    </ClCompile>
    <ClCompile Include="SourceCode_Forward.cpp">
      <Filter>Source Files</Filter>
    </ClCompile>
    <ClCompile Include="PacketGenerator.cpp">
      <Filter>Source Files</Filter>
    </ClCompile>
    <ClCompile Include="PacketGenerator_Internal.cpp">
      <Filter>Source Files</Filter>
    </ClCompile>
    <ClCompile Include="Adapter_Windows.cpp">
      <Filter>Source Files</Filter>
    </ClCompile>
    <ClCompile Include="Adapter_Linux.cpp">
      <Filter>Source Files</Filter>
    </ClCompile>
    <ClCompile Include="Processor_OpenCL.cpp">
      <Filter>Source Files</Filter>
    </ClCompile>
    <ClCompile Include="Processor_CUDA.cpp">
      <Filter>Source Files</Filter>
    </ClCompile>
    <ClCompile Include="System_OpenCL.cpp">
      <Filter>Source Files</Filter>
    </ClCompile>
    <ClCompile Include="Thread_Functions_OpenCL.cpp">
      <Filter>Source Files</Filter>
    </ClCompile>
    <ClCompile Include="Thread_Kernel_OpenCL.cpp">
      <Filter>Source Files</Filter>
    </ClCompile>
    <ClCompile Include="Thread_Functions_CUDA.cpp">
      <Filter>Source Files</Filter>
    </ClCompile>
    <ClCompile Include="Buffer_Data_OpenCL.cpp">
      <Filter>Source Files</Filter>
    </ClCompile>
    <ClCompile Include="Thread_OpenCL.cpp">
      <Filter>Source Files</Filter>
    </ClCompile>
    <ClCompile Include="Event_OpenCL.cpp">
      <Filter>Source Files</Filter>
    </ClCompile>
    <ClCompile Include="Event_CUDA.cpp">
      <Filter>Source Files</Filter>
    </ClCompile>
    <ClCompile Include="Event.cpp">
      <Filter>Source Files</Filter>
    </ClCompile>
    <ClCompile Include="UserBuffer.cpp">
      <Filter>Source Files</Filter>
    </ClCompile>
    <ClCompile Include="UserBuffer_OpenCL.cpp">
      <Filter>Source Files</Filter>
    </ClCompile>
    <ClCompile Include="UserBuffer_Internal.cpp">
      <Filter>Source Files</Filter>
    </ClCompile>
    <ClCompile Include="System_CUDA.cpp">
      <Filter>Source Files</Filter>
    </ClCompile>
    <ClCompile Include="CUW.cpp">
      <Filter>Source Files</Filter>
    </ClCompile>
  </ItemGroup>
  <ItemGroup>
    <ClInclude Include="System_Internal.h">
      <Filter>Header Files</Filter>
    </ClInclude>
    <ClInclude Include="Adapter_Internal.h">
      <Filter>Header Files</Filter>
    </ClInclude>
    <ClInclude Include="Processor_Internal.h">
      <Filter>Header Files</Filter>
    </ClInclude>
    <ClInclude Include="OCLW.h">
      <Filter>Header Files</Filter>
    </ClInclude>
    <ClInclude Include="VersionInfo.h">
      <Filter>Header Files</Filter>
    </ClInclude>
    <ClInclude Include="EthernetAddress.h">
      <Filter>Header Files</Filter>
    </ClInclude>
    <ClInclude Include="Kernel_Functions.h">
      <Filter>Header Files</Filter>
    </ClInclude>
    <ClInclude Include="Thread.h">
      <Filter>Header Files</Filter>
    </ClInclude>
    <ClInclude Include="Thread_Functions.h">
      <Filter>Header Files</Filter>
    </ClInclude>
    <ClInclude Include="Thread_Kernel.h">
      <Filter>Header Files</Filter>
    </ClInclude>
    <ClInclude Include="Buffer_Data.h">
      <Filter>Header Files</Filter>
    </ClInclude>
    <ClInclude Include="SourceCode_Forward.h">
      <Filter>Header Files</Filter>
    </ClInclude>
    <ClInclude Include="PacketGenerator_Internal.h">
      <Filter>Header Files</Filter>
    </ClInclude>
    <ClInclude Include="Constants.h">
      <Filter>Header Files</Filter>
    </ClInclude>
    <ClInclude Include="Adapter_Windows.h">
      <Filter>Header Files</Filter>
    </ClInclude>
    <ClInclude Include="Adapter_Linux.h">
      <Filter>Header Files</Filter>
    </ClInclude>
    <ClInclude Include="Processor_OpenCL.h">
      <Filter>Header Files</Filter>
    </ClInclude>
    <ClInclude Include="Processor_CUDA.h">
      <Filter>Header Files</Filter>
    </ClInclude>
    <ClInclude Include="System_OpenCL.h">
      <Filter>Header Files</Filter>
    </ClInclude>
    <ClInclude Include="Thread_Functions_OpenCL.h">
      <Filter>Header Files</Filter>
    </ClInclude>
    <ClInclude Include="Thread_Kernel_OpenCL.h">
      <Filter>Header Files</Filter>
    </ClInclude>
    <ClInclude Include="Thread_Functions_CUDA.h">
      <Filter>Header Files</Filter>
    </ClInclude>
    <ClInclude Include="Buffer_Data_OpenCL.h">
      <Filter>Header Files</Filter>
    </ClInclude>
    <ClInclude Include="Thread_OpenCL.h">
      <Filter>Header Files</Filter>
    </ClInclude>
    <ClInclude Include="Event_OpenCL.h">
      <Filter>Header Files</Filter>
    </ClInclude>
    <ClInclude Include="Event_CUDA.h">
      <Filter>Header Files</Filter>
    </ClInclude>
    <ClInclude Include="UserBuffer_OpenCL.h">
      <Filter>Header Files</Filter>
    </ClInclude>
    <ClInclude Include="UserBuffer_Internal.h">
      <Filter>Header Files</Filter>
    </ClInclude>
  </ItemGroup>
  <ItemGroup>
    <Text Include="_DocUser\ReadMe.txt">
      <Filter>_DocUser</Filter>
    </Text>
  </ItemGroup>
</Project>